<?xml version="1.0" encoding="UTF-8" standalone="yes" ?>
<CodeBlocks_project_file>
	<FileVersion major="1" minor="6" />
	<Project>
		<Option title="newtonia" />
		<Option pch_mode="2" />
		<Option compiler="gcc" />
		<Build>
			<Target title="Debug">
				<Option output="bin/Debug/newtonia" prefix_auto="1" extension_auto="1" />
				<Option working_dir="C:/Program Files/CodeBlocks/MinGW/bin" />
				<Option object_output="obj/Debug/" />
				<Option type="1" />
				<Option compiler="gcc" />
				<Compiler>
					<Add option="-g" />
				</Compiler>
				<ExtraCommands>
					<Add after='C:\Windows\System32\cmd.exe /C &quot;copy /Y bin\Debug\newtonia.exe .&quot;' />
				</ExtraCommands>
			</Target>
			<Target title="Release">
				<Option output="bin/Release/newtonia" prefix_auto="1" extension_auto="1" />
				<Option working_dir="C:/Program Files/CodeBlocks/MinGW/bin" />
				<Option object_output="obj/Release/" />
				<Option type="0" />
				<Option compiler="gcc" />
				<Compiler>
					<Add option="-march=athlon-fx" />
					<Add option="-march=athlon64" />
					<Add option="-march=opteron" />
					<Add option="-march=k8" />
					<Add option="-march=core2" />
					<Add option="-fexpensive-optimizations" />
					<Add option="-O3" />
					<Add directory="gl" />
				</Compiler>
				<Linker>
					<Add option="-s" />
				</Linker>
				<ExtraCommands>
					<Add after='C:\Windows\System32\cmd.exe /C &quot;copy /Y bin\Release\newtonia.exe .&quot;' />
				</ExtraCommands>
			</Target>
		</Build>
		<Compiler>
			<Add option="-Wall" />
			<Add option="-DFREEGLUT_STATIC" />
			<Add option="-DSDL_STATIC" />
			<Add directory="C:/Program Files/CodeBlocks/MinGW/include" />
			<Add directory="sdl/include/SDL2" />
			<Add directory="." />
		</Compiler>
		<Linker>
			<Add library="freeglut_static" />
			<Add library="opengl32" />
			<Add library="glu32" />
			<Add library="winmm" />
			<Add library="gdi32" />
			<Add library="mingw32" />
			<Add library="SDL2main" />
			<Add library="SDL2" />
			<Add library="SDL2_mixer" />
			<Add directory="C:/Program Files/CodeBlocks/MinGW/lib" />
			<Add directory="sdl/lib" />
			<Add directory="." />
		</Linker>
		<Unit filename="asteroid.cpp" />
		<Unit filename="asteroid.h" />
		<Unit filename="asteroid_drawer.cpp" />
		<Unit filename="asteroid_drawer.h" />
		<Unit filename="behaviour.h" />
		<Unit filename="composite_object.cpp" />
		<Unit filename="composite_object.h" />
		<Unit filename="enemy.cpp" />
		<Unit filename="enemy.h" />
		<Unit filename="follower.cpp" />
		<Unit filename="follower.h" />
		<Unit filename="glcar.cpp" />
		<Unit filename="glcar.h" />
		<Unit filename="glenemy.cpp" />
		<Unit filename="glenemy.h" />
		<Unit filename="glgame.cpp" />
		<Unit filename="glgame.h" />
		<Unit filename="glship.cpp" />
		<Unit filename="glship.h" />
		<Unit filename="glstarfield.cpp" />
		<Unit filename="glstarfield.h" />
		<Unit filename="glstation.cpp" />
		<Unit filename="glstation.h" />
		<Unit filename="gltrail.cpp" />
		<Unit filename="gltrail.h" />
		<Unit filename="glut.cpp" />
		<Unit filename="grid.cpp" />
		<Unit filename="grid.h" />
		<Unit filename="icon.rc">
			<Option compilerVar="WINDRES" />
		</Unit>
		<Unit filename="menu.cpp" />
		<Unit filename="menu.h" />
		<Unit filename="object.cpp" />
		<Unit filename="object.h" />
		<Unit filename="particle.cpp" />
		<Unit filename="particle.h" />
		<Unit filename="point.cpp" />
		<Unit filename="point.h" />
		<Unit filename="ship.cpp" />
		<Unit filename="ship.h" />
		<Unit filename="state.cpp" />
		<Unit filename="state.h" />
		<Unit filename="state_manager.cpp" />
		<Unit filename="state_manager.h" />
		<Unit filename="teleport.cpp" />
		<Unit filename="teleport.h" />
		<Unit filename="typer.cpp" />
		<Unit filename="typer.h" />
		<Unit filename="view/overlay.cpp" />
		<Unit filename="view/overlay.h" />
		<Unit filename="weapon/base.h" />
		<Unit filename="weapon/default.cpp" />
		<Unit filename="weapon/default.h" />
		<Unit filename="weapon/mine.cpp" />
		<Unit filename="weapon/mine.h" />
		<Unit filename="wrapped_point.cpp" />
		<Unit filename="wrapped_point.h" />
		<Extensions>
			<code_completion />
			<debugger />
			<envvars />
			<editor_config active="1" use_tabs="0" tab_indents="1" tab_width="2" indent="2" eol_mode="0" />
		</Extensions>
	</Project>
</CodeBlocks_project_file>
