// !$*UTF8*$!
{
	archiveVersion = 1;
	classes = {
	};
	objectVersion = 42;
	objects = {

/* Begin PBXBuildFile section */
		2150E2D90ECD698700D89C28 /* GLUT.framework in Frameworks */ = {isa = PBXBuildFile; fileRef = 2150E2D80ECD698700D89C28 /* GLUT.framework */; };
		2150E2DD0ECD699700D89C28 /* OpenGL.framework in Frameworks */ = {isa = PBXBuildFile; fileRef = 2150E2DC0ECD699700D89C28 /* OpenGL.framework */; };
		2150E2E10ECD69B100D89C28 /* main.cpp in Sources */ = {isa = PBXBuildFile; fileRef = 2150E2E00ECD69B100D89C28 /* main.cpp */; };
/* End PBXBuildFile section */

/* Begin PBXFileReference section */
		2150E2AA0ECD687300D89C28 /* Spaceship.app */ = {isa = PBXFileReference; explicitFileType = wrapper.application; includeInIndex = 0; path = Spaceship.app; sourceTree = BUILT_PRODUCTS_DIR; };
		2150E2AD0ECD687300D89C28 /* Spaceship-Info.plist */ = {isa = PBXFileReference; lastKnownFileType = text.plist.xml; path = "Spaceship-Info.plist"; sourceTree = "<group>"; };
		2150E2D80ECD698700D89C28 /* GLUT.framework */ = {isa = PBXFileReference; lastKnownFileType = wrapper.framework; name = GLUT.framework; path = /System/Library/Frameworks/GLUT.framework; sourceTree = "<absolute>"; };
		2150E2DC0ECD699700D89C28 /* OpenGL.framework */ = {isa = PBXFileReference; lastKnownFileType = wrapper.framework; name = OpenGL.framework; path = /System/Library/Frameworks/OpenGL.framework; sourceTree = "<absolute>"; };
		2150E2E00ECD69B100D89C28 /* main.cpp */ = {isa = PBXFileReference; fileEncoding = 4; lastKnownFileType = sourcecode.cpp.cpp; path = main.cpp; sourceTree = "<group>"; };
/* End PBXFileReference section */

/* Begin PBXFrameworksBuildPhase section */
		2150E2A80ECD687300D89C28 /* Frameworks */ = {
			isa = PBXFrameworksBuildPhase;
			buildActionMask = 2147483647;
			files = (
				2150E2D90ECD698700D89C28 /* GLUT.framework in Frameworks */,
				2150E2DD0ECD699700D89C28 /* OpenGL.framework in Frameworks */,
			);
			runOnlyForDeploymentPostprocessing = 0;
		};
/* End PBXFrameworksBuildPhase section */

/* Begin PBXGroup section */
		2150E2AB0ECD687300D89C28 /* Products */ = {
			isa = PBXGroup;
			children = (
				2150E2AA0ECD687300D89C28 /* Spaceship.app */,
			);
			name = Products;
			sourceTree = "<group>";
		};
		219282740ECD670E002D470F = {
			isa = PBXGroup;
			children = (
				2150E2E00ECD69B100D89C28 /* main.cpp */,
				2150E2DC0ECD699700D89C28 /* OpenGL.framework */,
				2150E2D80ECD698700D89C28 /* GLUT.framework */,
				2150E2AB0ECD687300D89C28 /* Products */,
				2150E2AD0ECD687300D89C28 /* Spaceship-Info.plist */,
			);
			sourceTree = "<group>";
		};
/* End PBXGroup section */

/* Begin PBXNativeTarget section */
		2150E2A90ECD687300D89C28 /* Spaceship */ = {
			isa = PBXNativeTarget;
			buildConfigurationList = 2150E2B00ECD687500D89C28 /* Build configuration list for PBXNativeTarget "Spaceship" */;
			buildPhases = (
				2150E2A60ECD687300D89C28 /* Resources */,
				2150E2A70ECD687300D89C28 /* Sources */,
				2150E2A80ECD687300D89C28 /* Frameworks */,
			);
			buildRules = (
			);
			dependencies = (
			);
			name = Spaceship;
			productName = Spaceship;
			productReference = 2150E2AA0ECD687300D89C28 /* Spaceship.app */;
			productType = "com.apple.product-type.application";
		};
/* End PBXNativeTarget section */

/* Begin PBXProject section */
		219282760ECD670E002D470F /* Project object */ = {
			isa = PBXProject;
			buildConfigurationList = 219282790ECD670E002D470F /* Build configuration list for PBXProject "spaceship" */;
			compatibilityVersion = "Xcode 2.4";
			hasScannedForEncodings = 0;
			mainGroup = 219282740ECD670E002D470F;
			productRefGroup = 2150E2AB0ECD687300D89C28 /* Products */;
			projectDirPath = "";
			projectRoot = "";
			targets = (
				2150E2A90ECD687300D89C28 /* Spaceship */,
			);
		};
/* End PBXProject section */

/* Begin PBXResourcesBuildPhase section */
		2150E2A60ECD687300D89C28 /* Resources */ = {
			isa = PBXResourcesBuildPhase;
			buildActionMask = 2147483647;
			files = (
			);
			runOnlyForDeploymentPostprocessing = 0;
		};
/* End PBXResourcesBuildPhase section */

/* Begin PBXSourcesBuildPhase section */
		2150E2A70ECD687300D89C28 /* Sources */ = {
			isa = PBXSourcesBuildPhase;
			buildActionMask = 2147483647;
			files = (
				2150E2E10ECD69B100D89C28 /* main.cpp in Sources */,
			);
			runOnlyForDeploymentPostprocessing = 0;
		};
/* End PBXSourcesBuildPhase section */

/* Begin XCBuildConfiguration section */
		2150E2AE0ECD687400D89C28 /* Debug */ = {
			isa = XCBuildConfiguration;
			buildSettings = {
				ARCHS = "$(NATIVE_ARCH)";
				COPY_PHASE_STRIP = NO;
				GCC_DYNAMIC_NO_PIC = NO;
				GCC_ENABLE_FIX_AND_CONTINUE = YES;
				GCC_MODEL_TUNING = G5;
				GCC_OPTIMIZATION_LEVEL = 0;
				GCC_PRECOMPILE_PREFIX_HEADER = YES;
				GCC_PREFIX_HEADER = "";
				INFOPLIST_FILE = "Spaceship-Info.plist";
				INSTALL_PATH = "$(HOME)/Applications";
				OTHER_LDFLAGS = (
					"-framework",
					Foundation,
					"-framework",
					AppKit,
				);
				PREBINDING = NO;
				PRODUCT_NAME = Spaceship;
				WRAPPER_EXTENSION = app;
				ZERO_LINK = YES;
			};
			name = Debug;
		};
		2150E2AF0ECD687400D89C28 /* Release */ = {
			isa = XCBuildConfiguration;
			buildSettings = {
				COPY_PHASE_STRIP = YES;
				DEBUG_INFORMATION_FORMAT = "dwarf-with-dsym";
				GCC_ENABLE_FIX_AND_CONTINUE = NO;
				GCC_MODEL_TUNING = G5;
				GCC_PRECOMPILE_PREFIX_HEADER = YES;
				GCC_PREFIX_HEADER = "$(SYSTEM_LIBRARY_DIR)/Frameworks/AppKit.framework/Headers/AppKit.h";
				INFOPLIST_FILE = "Spaceship-Info.plist";
				INSTALL_PATH = "$(HOME)/Applications";
				OTHER_LDFLAGS = (
					"-framework",
					Foundation,
					"-framework",
					AppKit,
				);
				PREBINDING = NO;
				PRODUCT_NAME = Spaceship;
				WRAPPER_EXTENSION = app;
				ZERO_LINK = NO;
			};
			name = Release;
		};
		219282770ECD670E002D470F /* Debug */ = {
			isa = XCBuildConfiguration;
			buildSettings = {
				COPY_PHASE_STRIP = NO;
			};
			name = Debug;
		};
		219282780ECD670E002D470F /* Release */ = {
			isa = XCBuildConfiguration;
			buildSettings = {
				COPY_PHASE_STRIP = YES;
			};
			name = Release;
		};
/* End XCBuildConfiguration section */

/* Begin XCConfigurationList section */
		2150E2B00ECD687500D89C28 /* Build configuration list for PBXNativeTarget "Spaceship" */ = {
			isa = XCConfigurationList;
			buildConfigurations = (
				2150E2AE0ECD687400D89C28 /* Debug */,
				2150E2AF0ECD687400D89C28 /* Release */,
			);
			defaultConfigurationIsVisible = 0;
			defaultConfigurationName = Release;
		};
		219282790ECD670E002D470F /* Build configuration list for PBXProject "spaceship" */ = {
			isa = XCConfigurationList;
			buildConfigurations = (
				219282770ECD670E002D470F /* Debug */,
				219282780ECD670E002D470F /* Release */,
			);
			defaultConfigurationIsVisible = 0;
			defaultConfigurationName = Release;
		};
/* End XCConfigurationList section */
	};
	rootObject = 219282760ECD670E002D470F /* Project object */;
}
